
Microsoft Visual Studio Solution File, Format Version 12.00
# Visual Studio 2013
VisualStudioVersion = 12.0.21005.1
MinimumVisualStudioVersion = 10.0.40219.1
Project("{FAE04EC0-301F-11D3-BF4B-00C04F79EFBC}") = "FreeRein", "FreeRein\FreeRein.csproj", "{6A45CB90-6573-4BA2-A95A-01E050536B72}"
EndProject
Project("{FAE04EC0-301F-11D3-BF4B-00C04F79EFBC}") = "FreeRein.Tests", "FreeRein.Tests\FreeRein.Tests.csproj", "{53DFABF5-385C-4ECF-8257-B99F55FBEC22}"
EndProject
Global
	GlobalSection(SolutionConfigurationPlatforms) = preSolution
		Debug|Any CPU = Debug|Any CPU
		Release|Any CPU = Release|Any CPU
	EndGlobalSection
	GlobalSection(ProjectConfigurationPlatforms) = postSolution
		{6A45CB90-6573-4BA2-A95A-01E050536B72}.Debug|Any CPU.ActiveCfg = Debug|Any CPU
		{6A45CB90-6573-4BA2-A95A-01E050536B72}.Debug|Any CPU.Build.0 = Debug|Any CPU
		{6A45CB90-6573-4BA2-A95A-01E050536B72}.Release|Any CPU.ActiveCfg = Release|Any CPU
		{6A45CB90-6573-4BA2-A95A-01E050536B72}.Release|Any CPU.Build.0 = Release|Any CPU
		{53DFABF5-385C-4ECF-8257-B99F55FBEC22}.Debug|Any CPU.ActiveCfg = Debug|Any CPU
		{53DFABF5-385C-4ECF-8257-B99F55FBEC22}.Debug|Any CPU.Build.0 = Debug|Any CPU
		{53DFABF5-385C-4ECF-8257-B99F55FBEC22}.Release|Any CPU.ActiveCfg = Release|Any CPU
		{53DFABF5-385C-4ECF-8257-B99F55FBEC22}.Release|Any CPU.Build.0 = Release|Any CPU
	EndGlobalSection
	GlobalSection(SolutionProperties) = preSolution
		HideSolutionNode = FALSE
	EndGlobalSection
EndGlobal
